
Microsoft Visual Studio Solution File, Format Version 12.00
# Visual Studio Version 16
VisualStudioVersion = 16.0.31702.278
MinimumVisualStudioVersion = 10.0.40219.1
Project("{888888A0-9F3D-457C-B088-3A5042F75D52}") = "Python_Essentials_1_LABS-Tej", "Python_Essentials_1_LABS-Tej\Python_Essentials_1_LABS-Tej.pyproj", "{03FD0B33-EE4F-4312-BAFD-EF84ECA16545}"
EndProject
Global
	GlobalSection(SolutionConfigurationPlatforms) = preSolution
		Debug|Any CPU = Debug|Any CPU
		Release|Any CPU = Release|Any CPU
	EndGlobalSection
	GlobalSection(ProjectConfigurationPlatforms) = postSolution
		{03FD0B33-EE4F-4312-BAFD-EF84ECA16545}.Debug|Any CPU.ActiveCfg = Debug|Any CPU
		{03FD0B33-EE4F-4312-BAFD-EF84ECA16545}.Release|Any CPU.ActiveCfg = Release|Any CPU
	EndGlobalSection
	GlobalSection(SolutionProperties) = preSolution
		HideSolutionNode = FALSE
	EndGlobalSection
	GlobalSection(ExtensibilityGlobals) = postSolution
		SolutionGuid = {77887D94-5D04-4B8F-AED0-4E0A181EF8A2}
	EndGlobalSection
EndGlobal
